
Microsoft Visual Studio Solution File, Format Version 12.00
# Visual Studio 15
VisualStudioVersion = 15.0.26124.0
MinimumVisualStudioVersion = 15.0.26124.0
Project("{2150E333-8FDC-42A3-9474-1A3956D46DE8}") = "src", "src", "{F4F61810-BC6E-4BA0-9764-2D767AEBC159}"
EndProject
Project("{FAE04EC0-301F-11D3-BF4B-00C04F79EFBC}") = "GradeBook", "src\GradeBook\GradeBook.csproj", "{0D319AC6-B559-482E-A094-7BBD7DAEA36B}"
EndProject
Project("{2150E333-8FDC-42A3-9474-1A3956D46DE8}") = "test", "test", "{0E2B560A-4A61-4027-9F7D-2A2C686173D2}"
EndProject
Project("{FAE04EC0-301F-11D3-BF4B-00C04F79EFBC}") = "GradeBook.Tests", "test\GradeBook.Tests\GradeBook.Tests.csproj", "{E1B50A0C-35E6-4D5A-9D73-77BAC684457E}"
EndProject
Global
	GlobalSection(SolutionConfigurationPlatforms) = preSolution
		Debug|Any CPU = Debug|Any CPU
		Debug|x64 = Debug|x64
		Debug|x86 = Debug|x86
		Release|Any CPU = Release|Any CPU
		Release|x64 = Release|x64
		Release|x86 = Release|x86
	EndGlobalSection
	GlobalSection(SolutionProperties) = preSolution
		HideSolutionNode = FALSE
	EndGlobalSection
	GlobalSection(ProjectConfigurationPlatforms) = postSolution
		{0D319AC6-B559-482E-A094-7BBD7DAEA36B}.Debug|Any CPU.ActiveCfg = Debug|Any CPU
		{0D319AC6-B559-482E-A094-7BBD7DAEA36B}.Debug|Any CPU.Build.0 = Debug|Any CPU
		{0D319AC6-B559-482E-A094-7BBD7DAEA36B}.Debug|x64.ActiveCfg = Debug|Any CPU
		{0D319AC6-B559-482E-A094-7BBD7DAEA36B}.Debug|x64.Build.0 = Debug|Any CPU
		{0D319AC6-B559-482E-A094-7BBD7DAEA36B}.Debug|x86.ActiveCfg = Debug|Any CPU
		{0D319AC6-B559-482E-A094-7BBD7DAEA36B}.Debug|x86.Build.0 = Debug|Any CPU
		{0D319AC6-B559-482E-A094-7BBD7DAEA36B}.Release|Any CPU.ActiveCfg = Release|Any CPU
		{0D319AC6-B559-482E-A094-7BBD7DAEA36B}.Release|Any CPU.Build.0 = Release|Any CPU
		{0D319AC6-B559-482E-A094-7BBD7DAEA36B}.Release|x64.ActiveCfg = Release|Any CPU
		{0D319AC6-B559-482E-A094-7BBD7DAEA36B}.Release|x64.Build.0 = Release|Any CPU
		{0D319AC6-B559-482E-A094-7BBD7DAEA36B}.Release|x86.ActiveCfg = Release|Any CPU
		{0D319AC6-B559-482E-A094-7BBD7DAEA36B}.Release|x86.Build.0 = Release|Any CPU
		{E1B50A0C-35E6-4D5A-9D73-77BAC684457E}.Debug|Any CPU.ActiveCfg = Debug|Any CPU
		{E1B50A0C-35E6-4D5A-9D73-77BAC684457E}.Debug|Any CPU.Build.0 = Debug|Any CPU
		{E1B50A0C-35E6-4D5A-9D73-77BAC684457E}.Debug|x64.ActiveCfg = Debug|Any CPU
		{E1B50A0C-35E6-4D5A-9D73-77BAC684457E}.Debug|x64.Build.0 = Debug|Any CPU
		{E1B50A0C-35E6-4D5A-9D73-77BAC684457E}.Debug|x86.ActiveCfg = Debug|Any CPU
		{E1B50A0C-35E6-4D5A-9D73-77BAC684457E}.Debug|x86.Build.0 = Debug|Any CPU
		{E1B50A0C-35E6-4D5A-9D73-77BAC684457E}.Release|Any CPU.ActiveCfg = Release|Any CPU
		{E1B50A0C-35E6-4D5A-9D73-77BAC684457E}.Release|Any CPU.Build.0 = Release|Any CPU
		{E1B50A0C-35E6-4D5A-9D73-77BAC684457E}.Release|x64.ActiveCfg = Release|Any CPU
		{E1B50A0C-35E6-4D5A-9D73-77BAC684457E}.Release|x64.Build.0 = Release|Any CPU
		{E1B50A0C-35E6-4D5A-9D73-77BAC684457E}.Release|x86.ActiveCfg = Release|Any CPU
		{E1B50A0C-35E6-4D5A-9D73-77BAC684457E}.Release|x86.Build.0 = Release|Any CPU
	EndGlobalSection
	GlobalSection(NestedProjects) = preSolution
		{0D319AC6-B559-482E-A094-7BBD7DAEA36B} = {F4F61810-BC6E-4BA0-9764-2D767AEBC159}
		{E1B50A0C-35E6-4D5A-9D73-77BAC684457E} = {0E2B560A-4A61-4027-9F7D-2A2C686173D2}
	EndGlobalSection
EndGlobal
